
Microsoft Visual Studio Solution File, Format Version 12.00
# Visual Studio Version 16
VisualStudioVersion = 16.0.30413.136
MinimumVisualStudioVersion = 10.0.40219.1
Project("{8BC9CEB8-8B4A-11D0-8D11-00A0C91BC942}") = "Bai_1.0_NhapMonLapTrinh", "Bai1_NhapMonLapTrinh\Bai1_NhapMonLapTrinh.vcxproj", "{BBBD7DE0-9420-4843-A479-63F2D6D73BB3}"
EndProject
Project("{8BC9CEB8-8B4A-11D0-8D11-00A0C91BC942}") = "Bai_1.1_LamQuenVoiBien", "Bai2_LamQuenVoiBien\Bai2_LamQuenVoiBien.vcxproj", "{3A3A175E-F6CF-4001-BD2D-4DC37BE3AE06}"
EndProject
Project("{8BC9CEB8-8B4A-11D0-8D11-00A0C91BC942}") = "Bai_1.2_ToanTu", "Bai3_ToanTu\Bai3_ToanTu.vcxproj", "{34B24BE3-24E0-4812-93C6-A7E5FFCBE2FD}"
EndProject
Project("{8BC9CEB8-8B4A-11D0-8D11-00A0C91BC942}") = "Bai_1.3_ToanTuSoSanh", "Bai4_ToanTuSoSanh\Bai4_ToanTuSoSanh.vcxproj", "{F40B646F-0A83-4F4F-A9A6-74D85AC0C2D1}"
EndProject
Project("{8BC9CEB8-8B4A-11D0-8D11-00A0C91BC942}") = "Bai_1.5_CauLenhReNhanh", "Bai6_CauLenhReNhanh\Bai6_CauLenhReNhanh.vcxproj", "{25741DBF-901E-467B-B913-7C1DC674712C}"
EndProject
Project("{8BC9CEB8-8B4A-11D0-8D11-00A0C91BC942}") = "Bai_1.6_SwitchCase", "Bai7_SwichCase\Bai7_SwichCase.vcxproj", "{075C0EDF-B0FF-48FB-9D5C-1C617625D8C1}"
EndProject
Project("{8BC9CEB8-8B4A-11D0-8D11-00A0C91BC942}") = "Bai_1.7_HamTrongC", "Bai6_HamTrongC\Bai6_HamTrongC.vcxproj", "{1BED3E3C-2AB9-4FF8-A3B5-0675A5AB5ADB}"
EndProject
Project("{8BC9CEB8-8B4A-11D0-8D11-00A0C91BC942}") = "Bai_1.8_HamTraVe", "Bai9_HamTraVe\Bai9_HamTraVe.vcxproj", "{0C54ADEB-4B5B-41D9-925A-2CD1F4FE2CED}"
EndProject
Project("{8BC9CEB8-8B4A-11D0-8D11-00A0C91BC942}") = "Bai_10.0_HamTongHop", "Bai10_HamTongHop\Bai10_HamTongHop.vcxproj", "{975FE440-24B3-4D7D-B5D1-2624C526E6C6}"
EndProject
Project("{8BC9CEB8-8B4A-11D0-8D11-00A0C91BC942}") = "Bai_11.0_LenhLapWhile", "Bai_11.0_LenhLapTrongNgonNguC\Bai_11.0_LenhLapTrongNgonNguC.vcxproj", "{2E00F6BC-C023-4864-953C-F97D658924B8}"
EndProject
Project("{8BC9CEB8-8B4A-11D0-8D11-00A0C91BC942}") = "Bai_11.1_LenhLap_DoWhile", "Bai_11.1_LenhLap_DoWhile\Bai_11.1_LenhLap_DoWhile.vcxproj", "{E7F5012B-F019-49D3-8ECA-3213BEAA38E3}"
EndProject
Project("{8BC9CEB8-8B4A-11D0-8D11-00A0C91BC942}") = "Bai_11.2_LenhLap_For", "Bai_11.2_LenhLap_For\Bai_11.2_LenhLap_For.vcxproj", "{7AB389AA-D0CE-469E-862B-1B9F5BD03090}"
EndProject
Project("{8BC9CEB8-8B4A-11D0-8D11-00A0C91BC942}") = "Bai_1.4_ToanTuLogic", "Bai_1.4_ToanTuLogic\Bai_1.4_ToanTuLogic.vcxproj", "{012A2EA5-4282-4CDA-B20F-B0467072F873}"
EndProject
Project("{8BC9CEB8-8B4A-11D0-8D11-00A0C91BC942}") = "Bai_11.3_Array", "Bai_11.3_Array\Bai_11.3_Array.vcxproj", "{4881FD2B-C7FC-4F0F-A999-CA49C1D2A1B5}"
EndProject
Global
	GlobalSection(SolutionConfigurationPlatforms) = preSolution
		Debug|x64 = Debug|x64
		Debug|x86 = Debug|x86
		Release|x64 = Release|x64
		Release|x86 = Release|x86
	EndGlobalSection
	GlobalSection(ProjectConfigurationPlatforms) = postSolution
		{BBBD7DE0-9420-4843-A479-63F2D6D73BB3}.Debug|x64.ActiveCfg = Debug|x64
		{BBBD7DE0-9420-4843-A479-63F2D6D73BB3}.Debug|x64.Build.0 = Debug|x64
		{BBBD7DE0-9420-4843-A479-63F2D6D73BB3}.Debug|x86.ActiveCfg = Debug|Win32
		{BBBD7DE0-9420-4843-A479-63F2D6D73BB3}.Debug|x86.Build.0 = Debug|Win32
		{BBBD7DE0-9420-4843-A479-63F2D6D73BB3}.Release|x64.ActiveCfg = Release|x64
		{BBBD7DE0-9420-4843-A479-63F2D6D73BB3}.Release|x64.Build.0 = Release|x64
		{BBBD7DE0-9420-4843-A479-63F2D6D73BB3}.Release|x86.ActiveCfg = Release|Win32
		{BBBD7DE0-9420-4843-A479-63F2D6D73BB3}.Release|x86.Build.0 = Release|Win32
		{3A3A175E-F6CF-4001-BD2D-4DC37BE3AE06}.Debug|x64.ActiveCfg = Debug|x64
		{3A3A175E-F6CF-4001-BD2D-4DC37BE3AE06}.Debug|x64.Build.0 = Debug|x64
		{3A3A175E-F6CF-4001-BD2D-4DC37BE3AE06}.Debug|x86.ActiveCfg = Debug|Win32
		{3A3A175E-F6CF-4001-BD2D-4DC37BE3AE06}.Debug|x86.Build.0 = Debug|Win32
		{3A3A175E-F6CF-4001-BD2D-4DC37BE3AE06}.Release|x64.ActiveCfg = Release|x64
		{3A3A175E-F6CF-4001-BD2D-4DC37BE3AE06}.Release|x64.Build.0 = Release|x64
		{3A3A175E-F6CF-4001-BD2D-4DC37BE3AE06}.Release|x86.ActiveCfg = Release|Win32
		{3A3A175E-F6CF-4001-BD2D-4DC37BE3AE06}.Release|x86.Build.0 = Release|Win32
		{34B24BE3-24E0-4812-93C6-A7E5FFCBE2FD}.Debug|x64.ActiveCfg = Debug|x64
		{34B24BE3-24E0-4812-93C6-A7E5FFCBE2FD}.Debug|x64.Build.0 = Debug|x64
		{34B24BE3-24E0-4812-93C6-A7E5FFCBE2FD}.Debug|x86.ActiveCfg = Debug|Win32
		{34B24BE3-24E0-4812-93C6-A7E5FFCBE2FD}.Debug|x86.Build.0 = Debug|Win32
		{34B24BE3-24E0-4812-93C6-A7E5FFCBE2FD}.Release|x64.ActiveCfg = Release|x64
		{34B24BE3-24E0-4812-93C6-A7E5FFCBE2FD}.Release|x64.Build.0 = Release|x64
		{34B24BE3-24E0-4812-93C6-A7E5FFCBE2FD}.Release|x86.ActiveCfg = Release|Win32
		{34B24BE3-24E0-4812-93C6-A7E5FFCBE2FD}.Release|x86.Build.0 = Release|Win32
		{F40B646F-0A83-4F4F-A9A6-74D85AC0C2D1}.Debug|x64.ActiveCfg = Debug|x64
		{F40B646F-0A83-4F4F-A9A6-74D85AC0C2D1}.Debug|x64.Build.0 = Debug|x64
		{F40B646F-0A83-4F4F-A9A6-74D85AC0C2D1}.Debug|x86.ActiveCfg = Debug|Win32
		{F40B646F-0A83-4F4F-A9A6-74D85AC0C2D1}.Debug|x86.Build.0 = Debug|Win32
		{F40B646F-0A83-4F4F-A9A6-74D85AC0C2D1}.Release|x64.ActiveCfg = Release|x64
		{F40B646F-0A83-4F4F-A9A6-74D85AC0C2D1}.Release|x64.Build.0 = Release|x64
		{F40B646F-0A83-4F4F-A9A6-74D85AC0C2D1}.Release|x86.ActiveCfg = Release|Win32
		{F40B646F-0A83-4F4F-A9A6-74D85AC0C2D1}.Release|x86.Build.0 = Release|Win32
		{25741DBF-901E-467B-B913-7C1DC674712C}.Debug|x64.ActiveCfg = Debug|x64
		{25741DBF-901E-467B-B913-7C1DC674712C}.Debug|x64.Build.0 = Debug|x64
		{25741DBF-901E-467B-B913-7C1DC674712C}.Debug|x86.ActiveCfg = Debug|Win32
		{25741DBF-901E-467B-B913-7C1DC674712C}.Debug|x86.Build.0 = Debug|Win32
		{25741DBF-901E-467B-B913-7C1DC674712C}.Release|x64.ActiveCfg = Release|x64
		{25741DBF-901E-467B-B913-7C1DC674712C}.Release|x64.Build.0 = Release|x64
		{25741DBF-901E-467B-B913-7C1DC674712C}.Release|x86.ActiveCfg = Release|Win32
		{25741DBF-901E-467B-B913-7C1DC674712C}.Release|x86.Build.0 = Release|Win32
		{075C0EDF-B0FF-48FB-9D5C-1C617625D8C1}.Debug|x64.ActiveCfg = Debug|x64
		{075C0EDF-B0FF-48FB-9D5C-1C617625D8C1}.Debug|x64.Build.0 = Debug|x64
		{075C0EDF-B0FF-48FB-9D5C-1C617625D8C1}.Debug|x86.ActiveCfg = Debug|Win32
		{075C0EDF-B0FF-48FB-9D5C-1C617625D8C1}.Debug|x86.Build.0 = Debug|Win32
		{075C0EDF-B0FF-48FB-9D5C-1C617625D8C1}.Release|x64.ActiveCfg = Release|x64
		{075C0EDF-B0FF-48FB-9D5C-1C617625D8C1}.Release|x64.Build.0 = Release|x64
		{075C0EDF-B0FF-48FB-9D5C-1C617625D8C1}.Release|x86.ActiveCfg = Release|Win32
		{075C0EDF-B0FF-48FB-9D5C-1C617625D8C1}.Release|x86.Build.0 = Release|Win32
		{1BED3E3C-2AB9-4FF8-A3B5-0675A5AB5ADB}.Debug|x64.ActiveCfg = Debug|x64
		{1BED3E3C-2AB9-4FF8-A3B5-0675A5AB5ADB}.Debug|x64.Build.0 = Debug|x64
		{1BED3E3C-2AB9-4FF8-A3B5-0675A5AB5ADB}.Debug|x86.ActiveCfg = Debug|Win32
		{1BED3E3C-2AB9-4FF8-A3B5-0675A5AB5ADB}.Debug|x86.Build.0 = Debug|Win32
		{1BED3E3C-2AB9-4FF8-A3B5-0675A5AB5ADB}.Release|x64.ActiveCfg = Release|x64
		{1BED3E3C-2AB9-4FF8-A3B5-0675A5AB5ADB}.Release|x64.Build.0 = Release|x64
		{1BED3E3C-2AB9-4FF8-A3B5-0675A5AB5ADB}.Release|x86.ActiveCfg = Release|Win32
		{1BED3E3C-2AB9-4FF8-A3B5-0675A5AB5ADB}.Release|x86.Build.0 = Release|Win32
		{0C54ADEB-4B5B-41D9-925A-2CD1F4FE2CED}.Debug|x64.ActiveCfg = Debug|x64
		{0C54ADEB-4B5B-41D9-925A-2CD1F4FE2CED}.Debug|x64.Build.0 = Debug|x64
		{0C54ADEB-4B5B-41D9-925A-2CD1F4FE2CED}.Debug|x86.ActiveCfg = Debug|Win32
		{0C54ADEB-4B5B-41D9-925A-2CD1F4FE2CED}.Debug|x86.Build.0 = Debug|Win32
		{0C54ADEB-4B5B-41D9-925A-2CD1F4FE2CED}.Release|x64.ActiveCfg = Release|x64
		{0C54ADEB-4B5B-41D9-925A-2CD1F4FE2CED}.Release|x64.Build.0 = Release|x64
		{0C54ADEB-4B5B-41D9-925A-2CD1F4FE2CED}.Release|x86.ActiveCfg = Release|Win32
		{0C54ADEB-4B5B-41D9-925A-2CD1F4FE2CED}.Release|x86.Build.0 = Release|Win32
		{975FE440-24B3-4D7D-B5D1-2624C526E6C6}.Debug|x64.ActiveCfg = Debug|x64
		{975FE440-24B3-4D7D-B5D1-2624C526E6C6}.Debug|x64.Build.0 = Debug|x64
		{975FE440-24B3-4D7D-B5D1-2624C526E6C6}.Debug|x86.ActiveCfg = Debug|Win32
		{975FE440-24B3-4D7D-B5D1-2624C526E6C6}.Debug|x86.Build.0 = Debug|Win32
		{975FE440-24B3-4D7D-B5D1-2624C526E6C6}.Release|x64.ActiveCfg = Release|x64
		{975FE440-24B3-4D7D-B5D1-2624C526E6C6}.Release|x64.Build.0 = Release|x64
		{975FE440-24B3-4D7D-B5D1-2624C526E6C6}.Release|x86.ActiveCfg = Release|Win32
		{975FE440-24B3-4D7D-B5D1-2624C526E6C6}.Release|x86.Build.0 = Release|Win32
		{2E00F6BC-C023-4864-953C-F97D658924B8}.Debug|x64.ActiveCfg = Debug|x64
		{2E00F6BC-C023-4864-953C-F97D658924B8}.Debug|x64.Build.0 = Debug|x64
		{2E00F6BC-C023-4864-953C-F97D658924B8}.Debug|x86.ActiveCfg = Debug|Win32
		{2E00F6BC-C023-4864-953C-F97D658924B8}.Debug|x86.Build.0 = Debug|Win32
		{2E00F6BC-C023-4864-953C-F97D658924B8}.Release|x64.ActiveCfg = Release|x64
		{2E00F6BC-C023-4864-953C-F97D658924B8}.Release|x64.Build.0 = Release|x64
		{2E00F6BC-C023-4864-953C-F97D658924B8}.Release|x86.ActiveCfg = Release|Win32
		{2E00F6BC-C023-4864-953C-F97D658924B8}.Release|x86.Build.0 = Release|Win32
		{E7F5012B-F019-49D3-8ECA-3213BEAA38E3}.Debug|x64.ActiveCfg = Debug|x64
		{E7F5012B-F019-49D3-8ECA-3213BEAA38E3}.Debug|x64.Build.0 = Debug|x64
		{E7F5012B-F019-49D3-8ECA-3213BEAA38E3}.Debug|x86.ActiveCfg = Debug|Win32
		{E7F5012B-F019-49D3-8ECA-3213BEAA38E3}.Debug|x86.Build.0 = Debug|Win32
		{E7F5012B-F019-49D3-8ECA-3213BEAA38E3}.Release|x64.ActiveCfg = Release|x64
		{E7F5012B-F019-49D3-8ECA-3213BEAA38E3}.Release|x64.Build.0 = Release|x64
		{E7F5012B-F019-49D3-8ECA-3213BEAA38E3}.Release|x86.ActiveCfg = Release|Win32
		{E7F5012B-F019-49D3-8ECA-3213BEAA38E3}.Release|x86.Build.0 = Release|Win32
		{7AB389AA-D0CE-469E-862B-1B9F5BD03090}.Debug|x64.ActiveCfg = Debug|x64
		{7AB389AA-D0CE-469E-862B-1B9F5BD03090}.Debug|x64.Build.0 = Debug|x64
		{7AB389AA-D0CE-469E-862B-1B9F5BD03090}.Debug|x86.ActiveCfg = Debug|Win32
		{7AB389AA-D0CE-469E-862B-1B9F5BD03090}.Debug|x86.Build.0 = Debug|Win32
		{7AB389AA-D0CE-469E-862B-1B9F5BD03090}.Release|x64.ActiveCfg = Release|x64
		{7AB389AA-D0CE-469E-862B-1B9F5BD03090}.Release|x64.Build.0 = Release|x64
		{7AB389AA-D0CE-469E-862B-1B9F5BD03090}.Release|x86.ActiveCfg = Release|Win32
		{7AB389AA-D0CE-469E-862B-1B9F5BD03090}.Release|x86.Build.0 = Release|Win32
		{012A2EA5-4282-4CDA-B20F-B0467072F873}.Debug|x64.ActiveCfg = Debug|x64
		{012A2EA5-4282-4CDA-B20F-B0467072F873}.Debug|x64.Build.0 = Debug|x64
		{012A2EA5-4282-4CDA-B20F-B0467072F873}.Debug|x86.ActiveCfg = Debug|Win32
		{012A2EA5-4282-4CDA-B20F-B0467072F873}.Debug|x86.Build.0 = Debug|Win32
		{012A2EA5-4282-4CDA-B20F-B0467072F873}.Release|x64.ActiveCfg = Release|x64
		{012A2EA5-4282-4CDA-B20F-B0467072F873}.Release|x64.Build.0 = Release|x64
		{012A2EA5-4282-4CDA-B20F-B0467072F873}.Release|x86.ActiveCfg = Release|Win32
		{012A2EA5-4282-4CDA-B20F-B0467072F873}.Release|x86.Build.0 = Release|Win32
		{4881FD2B-C7FC-4F0F-A999-CA49C1D2A1B5}.Debug|x64.ActiveCfg = Debug|x64
		{4881FD2B-C7FC-4F0F-A999-CA49C1D2A1B5}.Debug|x64.Build.0 = Debug|x64
		{4881FD2B-C7FC-4F0F-A999-CA49C1D2A1B5}.Debug|x86.ActiveCfg = Debug|Win32
		{4881FD2B-C7FC-4F0F-A999-CA49C1D2A1B5}.Debug|x86.Build.0 = Debug|Win32
		{4881FD2B-C7FC-4F0F-A999-CA49C1D2A1B5}.Release|x64.ActiveCfg = Release|x64
		{4881FD2B-C7FC-4F0F-A999-CA49C1D2A1B5}.Release|x64.Build.0 = Release|x64
		{4881FD2B-C7FC-4F0F-A999-CA49C1D2A1B5}.Release|x86.ActiveCfg = Release|Win32
		{4881FD2B-C7FC-4F0F-A999-CA49C1D2A1B5}.Release|x86.Build.0 = Release|Win32
	EndGlobalSection
	GlobalSection(SolutionProperties) = preSolution
		HideSolutionNode = FALSE
	EndGlobalSection
	GlobalSection(ExtensibilityGlobals) = postSolution
		SolutionGuid = {99108C5C-D2AD-42B8-8E05-97A79B11DC98}
	EndGlobalSection
EndGlobal
